
Microsoft Visual Studio Solution File, Format Version 12.00
# Visual Studio Version 17
VisualStudioVersion = 17.7.34302.85
MinimumVisualStudioVersion = 10.0.40219.1
Project("{9A19103F-16F7-4668-BE54-9A1E7A4F7556}") = "DaQingMahJong_Server", "DaQingMahJong_Server\DaQingMahJong_Server.csproj", "{4106BDDC-D3F7-416E-B4AC-185525BDC469}"
EndProject
Project("{9A19103F-16F7-4668-BE54-9A1E7A4F7556}") = "VgeGameServer", "VgeGameServer\VgeGameServer.csproj", "{08FADDE0-3A19-4C05-A12A-01673FE41363}"
EndProject
Project("{FAE04EC0-301F-11D3-BF4B-00C04F79EFBC}") = "DaQingMahJong_ServerTests", "DaQingMahJong_ServerTests\DaQingMahJong_ServerTests.csproj", "{29055195-440D-4694-B658-BBDC7EA8CECC}"
EndProject
Global
	GlobalSection(SolutionConfigurationPlatforms) = preSolution
		Debug|Any CPU = Debug|Any CPU
		Release|Any CPU = Release|Any CPU
	EndGlobalSection
	GlobalSection(ProjectConfigurationPlatforms) = postSolution
		{4106BDDC-D3F7-416E-B4AC-185525BDC469}.Debug|Any CPU.ActiveCfg = Debug|Any CPU
		{4106BDDC-D3F7-416E-B4AC-185525BDC469}.Debug|Any CPU.Build.0 = Debug|Any CPU
		{4106BDDC-D3F7-416E-B4AC-185525BDC469}.Release|Any CPU.ActiveCfg = Release|Any CPU
		{4106BDDC-D3F7-416E-B4AC-185525BDC469}.Release|Any CPU.Build.0 = Release|Any CPU
		{08FADDE0-3A19-4C05-A12A-01673FE41363}.Debug|Any CPU.ActiveCfg = Debug|Any CPU
		{08FADDE0-3A19-4C05-A12A-01673FE41363}.Debug|Any CPU.Build.0 = Debug|Any CPU
		{08FADDE0-3A19-4C05-A12A-01673FE41363}.Release|Any CPU.ActiveCfg = Release|Any CPU
		{08FADDE0-3A19-4C05-A12A-01673FE41363}.Release|Any CPU.Build.0 = Release|Any CPU
		{29055195-440D-4694-B658-BBDC7EA8CECC}.Debug|Any CPU.ActiveCfg = Debug|Any CPU
		{29055195-440D-4694-B658-BBDC7EA8CECC}.Debug|Any CPU.Build.0 = Debug|Any CPU
		{29055195-440D-4694-B658-BBDC7EA8CECC}.Release|Any CPU.ActiveCfg = Release|Any CPU
		{29055195-440D-4694-B658-BBDC7EA8CECC}.Release|Any CPU.Build.0 = Release|Any CPU
	EndGlobalSection
	GlobalSection(SolutionProperties) = preSolution
		HideSolutionNode = FALSE
	EndGlobalSection
	GlobalSection(ExtensibilityGlobals) = postSolution
		SolutionGuid = {4741BC8A-91E2-46BD-8A72-24ABCA77C6F5}
	EndGlobalSection
EndGlobal
